// !$*UTF8*$!
{
	archiveVersion = 1;
	classes = {
	};
	objectVersion = 46;
	objects = {

/* Begin PBXBuildFile section */
		1800506C136818D000DB332E /* Brain.h in Headers */ = {isa = PBXBuildFile; fileRef = 1800506A136818D000DB332E /* Brain.h */; };
		1800506D136818D000DB332E /* Brain.m in Sources */ = {isa = PBXBuildFile; fileRef = 1800506B136818D000DB332E /* Brain.m */; };
		180050721368254700DB332E /* NSMutableArray+QueueAdditions.h in Headers */ = {isa = PBXBuildFile; fileRef = 180050701368254700DB332E /* NSMutableArray+QueueAdditions.h */; };
		180050731368254700DB332E /* NSMutableArray+QueueAdditions.m in Sources */ = {isa = PBXBuildFile; fileRef = 180050711368254700DB332E /* NSMutableArray+QueueAdditions.m */; };
		180051141368816F00DB332E /* GDataXMLNode.h in Headers */ = {isa = PBXBuildFile; fileRef = 180051121368816F00DB332E /* GDataXMLNode.h */; };
		180051151368816F00DB332E /* GDataXMLNode.m in Sources */ = {isa = PBXBuildFile; fileRef = 180051131368816F00DB332E /* GDataXMLNode.m */; };
		180A63C5137D7D3500389290 /* Emotion.h in Headers */ = {isa = PBXBuildFile; fileRef = 180A63C3137D7D3500389290 /* Emotion.h */; };
		180A63C6137D7D3500389290 /* Emotion.m in Sources */ = {isa = PBXBuildFile; fileRef = 180A63C4137D7D3500389290 /* Emotion.m */; };
		18888C081366CEC400F96F2B /* Perception.h in Headers */ = {isa = PBXBuildFile; fileRef = 18888C061366CEC400F96F2B /* Perception.h */; };
		18888C091366CEC400F96F2B /* Perception.m in Sources */ = {isa = PBXBuildFile; fileRef = 18888C071366CEC400F96F2B /* Perception.m */; };
		18888C0D1366D80A00F96F2B /* MemoryEvent.h in Headers */ = {isa = PBXBuildFile; fileRef = 18888C0B1366D80900F96F2B /* MemoryEvent.h */; };
		18888C0E1366D80A00F96F2B /* MemoryEvent.m in Sources */ = {isa = PBXBuildFile; fileRef = 18888C0C1366D80A00F96F2B /* MemoryEvent.m */; };
		18888C171366FF6C00F96F2B /* CnotiMind.h in Headers */ = {isa = PBXBuildFile; fileRef = 18888C151366FF6C00F96F2B /* CnotiMind.h */; };
		18888C181366FF6C00F96F2B /* CnotiMind.m in Sources */ = {isa = PBXBuildFile; fileRef = 18888C161366FF6C00F96F2B /* CnotiMind.m */; };
		18888C1C136703A200F96F2B /* ObjectToXML.h in Headers */ = {isa = PBXBuildFile; fileRef = 18888C1A136703A200F96F2B /* ObjectToXML.h */; };
		1890E6A0140F8EFB0039AAD9 /* ActionNode.h in Headers */ = {isa = PBXBuildFile; fileRef = 1890E67E140F8EFB0039AAD9 /* ActionNode.h */; };
		1890E6A1140F8EFB0039AAD9 /* ActionNode.m in Sources */ = {isa = PBXBuildFile; fileRef = 1890E67F140F8EFB0039AAD9 /* ActionNode.m */; };
		1890E6A2140F8EFB0039AAD9 /* ClearMemoryNode.h in Headers */ = {isa = PBXBuildFile; fileRef = 1890E680140F8EFB0039AAD9 /* ClearMemoryNode.h */; };
		1890E6A3140F8EFB0039AAD9 /* ClearMemoryNode.m in Sources */ = {isa = PBXBuildFile; fileRef = 1890E681140F8EFB0039AAD9 /* ClearMemoryNode.m */; };
		1890E6A4140F8EFB0039AAD9 /* ConditionDataMiningNode.h in Headers */ = {isa = PBXBuildFile; fileRef = 1890E682140F8EFB0039AAD9 /* ConditionDataMiningNode.h */; };
		1890E6A5140F8EFB0039AAD9 /* ConditionDataMiningNode.m in Sources */ = {isa = PBXBuildFile; fileRef = 1890E683140F8EFB0039AAD9 /* ConditionDataMiningNode.m */; };
		1890E6A6140F8EFB0039AAD9 /* ConditionEmotionNode.h in Headers */ = {isa = PBXBuildFile; fileRef = 1890E684140F8EFB0039AAD9 /* ConditionEmotionNode.h */; };
		1890E6A7140F8EFB0039AAD9 /* ConditionEmotionNode.m in Sources */ = {isa = PBXBuildFile; fileRef = 1890E685140F8EFB0039AAD9 /* ConditionEmotionNode.m */; };
		1890E6A8140F8EFB0039AAD9 /* ConditionNode.h in Headers */ = {isa = PBXBuildFile; fileRef = 1890E686140F8EFB0039AAD9 /* ConditionNode.h */; };
		1890E6A9140F8EFB0039AAD9 /* ConditionNode.m in Sources */ = {isa = PBXBuildFile; fileRef = 1890E687140F8EFB0039AAD9 /* ConditionNode.m */; };
		1890E6AA140F8EFB0039AAD9 /* ConditionPerceptionNode.h in Headers */ = {isa = PBXBuildFile; fileRef = 1890E688140F8EFB0039AAD9 /* ConditionPerceptionNode.h */; };
		1890E6AB140F8EFB0039AAD9 /* ConditionPerceptionNode.m in Sources */ = {isa = PBXBuildFile; fileRef = 1890E689140F8EFB0039AAD9 /* ConditionPerceptionNode.m */; };
		1890E6AC140F8EFB0039AAD9 /* ConditionPropertyNode.h in Headers */ = {isa = PBXBuildFile; fileRef = 1890E68A140F8EFB0039AAD9 /* ConditionPropertyNode.h */; };
		1890E6AD140F8EFB0039AAD9 /* ConditionPropertyNode.m in Sources */ = {isa = PBXBuildFile; fileRef = 1890E68B140F8EFB0039AAD9 /* ConditionPropertyNode.m */; };
		1890E6AE140F8EFB0039AAD9 /* ConditionVariableNode.h in Headers */ = {isa = PBXBuildFile; fileRef = 1890E68C140F8EFB0039AAD9 /* ConditionVariableNode.h */; };
		1890E6AF140F8EFB0039AAD9 /* ConditionVariableNode.m in Sources */ = {isa = PBXBuildFile; fileRef = 1890E68D140F8EFB0039AAD9 /* ConditionVariableNode.m */; };
		1890E6B0140F8EFB0039AAD9 /* DataMiningNode.h in Headers */ = {isa = PBXBuildFile; fileRef = 1890E68E140F8EFB0039AAD9 /* DataMiningNode.h */; };
		1890E6B1140F8EFB0039AAD9 /* DataMiningNode.m in Sources */ = {isa = PBXBuildFile; fileRef = 1890E68F140F8EFB0039AAD9 /* DataMiningNode.m */; };
		1890E6B2140F8EFB0039AAD9 /* DeleteNode.h in Headers */ = {isa = PBXBuildFile; fileRef = 1890E690140F8EFB0039AAD9 /* DeleteNode.h */; };
		1890E6B3140F8EFB0039AAD9 /* DeleteNode.m in Sources */ = {isa = PBXBuildFile; fileRef = 1890E691140F8EFB0039AAD9 /* DeleteNode.m */; };
		1890E6B4140F8EFB0039AAD9 /* EmotionNode.h in Headers */ = {isa = PBXBuildFile; fileRef = 1890E692140F8EFB0039AAD9 /* EmotionNode.h */; };
		1890E6B5140F8EFB0039AAD9 /* EmotionNode.m in Sources */ = {isa = PBXBuildFile; fileRef = 1890E693140F8EFB0039AAD9 /* EmotionNode.m */; };
		1890E6B6140F8EFB0039AAD9 /* MathOperationNode.h in Headers */ = {isa = PBXBuildFile; fileRef = 1890E694140F8EFB0039AAD9 /* MathOperationNode.h */; };
		1890E6B7140F8EFB0039AAD9 /* MathOperationNode.m in Sources */ = {isa = PBXBuildFile; fileRef = 1890E695140F8EFB0039AAD9 /* MathOperationNode.m */; };
		1890E6B8140F8EFB0039AAD9 /* PropertyNode.h in Headers */ = {isa = PBXBuildFile; fileRef = 1890E696140F8EFB0039AAD9 /* PropertyNode.h */; };
		1890E6B9140F8EFB0039AAD9 /* PropertyNode.m in Sources */ = {isa = PBXBuildFile; fileRef = 1890E697140F8EFB0039AAD9 /* PropertyNode.m */; };
		1890E6BA140F8EFB0039AAD9 /* RootNode.h in Headers */ = {isa = PBXBuildFile; fileRef = 1890E698140F8EFB0039AAD9 /* RootNode.h */; };
		1890E6BB140F8EFB0039AAD9 /* RootNode.m in Sources */ = {isa = PBXBuildFile; fileRef = 1890E699140F8EFB0039AAD9 /* RootNode.m */; };
		1890E6BC140F8EFB0039AAD9 /* RuleNode.h in Headers */ = {isa = PBXBuildFile; fileRef = 1890E69A140F8EFB0039AAD9 /* RuleNode.h */; };
		1890E6BD140F8EFB0039AAD9 /* RuleNode.m in Sources */ = {isa = PBXBuildFile; fileRef = 1890E69B140F8EFB0039AAD9 /* RuleNode.m */; };
		1890E6BE140F8EFB0039AAD9 /* RulesXmlHandler.h in Headers */ = {isa = PBXBuildFile; fileRef = 1890E69C140F8EFB0039AAD9 /* RulesXmlHandler.h */; };
		1890E6BF140F8EFB0039AAD9 /* RulesXmlHandler.m in Sources */ = {isa = PBXBuildFile; fileRef = 1890E69D140F8EFB0039AAD9 /* RulesXmlHandler.m */; };
		1890E6C0140F8EFB0039AAD9 /* StorageNode.h in Headers */ = {isa = PBXBuildFile; fileRef = 1890E69E140F8EFB0039AAD9 /* StorageNode.h */; };
		1890E6C1140F8EFB0039AAD9 /* StorageNode.m in Sources */ = {isa = PBXBuildFile; fileRef = 1890E69F140F8EFB0039AAD9 /* StorageNode.m */; };
		1890E6C3140F8F050039AAD9 /* Macros.h in Headers */ = {isa = PBXBuildFile; fileRef = 1890E6C2140F8F050039AAD9 /* Macros.h */; };
		1890E6C8140F8F1F0039AAD9 /* GDataXMLNode.h in Headers */ = {isa = PBXBuildFile; fileRef = 1890E6C6140F8F1F0039AAD9 /* GDataXMLNode.h */; };
		1890E6C9140F8F1F0039AAD9 /* GDataXMLNode.m in Sources */ = {isa = PBXBuildFile; fileRef = 1890E6C7140F8F1F0039AAD9 /* GDataXMLNode.m */; };
		18F98A7113603671006AE7F4 /* Foundation.framework in Frameworks */ = {isa = PBXBuildFile; fileRef = 18F98A7013603671006AE7F4 /* Foundation.framework */; };
		18F98A7C13603671006AE7F4 /* UIKit.framework in Frameworks */ = {isa = PBXBuildFile; fileRef = 18F98A7B13603671006AE7F4 /* UIKit.framework */; };
		18F98A7D13603671006AE7F4 /* Foundation.framework in Frameworks */ = {isa = PBXBuildFile; fileRef = 18F98A7013603671006AE7F4 /* Foundation.framework */; };
		18F98A7F13603671006AE7F4 /* CoreGraphics.framework in Frameworks */ = {isa = PBXBuildFile; fileRef = 18F98A7E13603671006AE7F4 /* CoreGraphics.framework */; };
		18F98A8213603671006AE7F4 /* libCnotiMind.a in Frameworks */ = {isa = PBXBuildFile; fileRef = 18F98A6D13603671006AE7F4 /* libCnotiMind.a */; };
		18F98A8813603671006AE7F4 /* InfoPlist.strings in Resources */ = {isa = PBXBuildFile; fileRef = 18F98A8613603671006AE7F4 /* InfoPlist.strings */; };
		18F98A8B13603671006AE7F4 /* CnotiMindTests.h in Resources */ = {isa = PBXBuildFile; fileRef = 18F98A8A13603671006AE7F4 /* CnotiMindTests.h */; };
		18F98A8D13603671006AE7F4 /* CnotiMindTests.m in Sources */ = {isa = PBXBuildFile; fileRef = 18F98A8C13603671006AE7F4 /* CnotiMindTests.m */; };
		18F98A981360411B006AE7F4 /* MindNode.h in Headers */ = {isa = PBXBuildFile; fileRef = 18F98A961360411B006AE7F4 /* MindNode.h */; };
		18F98A991360411B006AE7F4 /* MindNode.m in Sources */ = {isa = PBXBuildFile; fileRef = 18F98A971360411B006AE7F4 /* MindNode.m */; };
		18F98A9C1360476E006AE7F4 /* Action.h in Headers */ = {isa = PBXBuildFile; fileRef = 18F98A9A1360476E006AE7F4 /* Action.h */; };
		18F98A9D1360476E006AE7F4 /* Action.m in Sources */ = {isa = PBXBuildFile; fileRef = 18F98A9B1360476E006AE7F4 /* Action.m */; };
/* End PBXBuildFile section */

/* Begin PBXContainerItemProxy section */
		18F98A8013603671006AE7F4 /* PBXContainerItemProxy */ = {
			isa = PBXContainerItemProxy;
			containerPortal = 18F98A6413603671006AE7F4 /* Project object */;
			proxyType = 1;
			remoteGlobalIDString = 18F98A6C13603671006AE7F4;
			remoteInfo = CnotiMind;
		};
/* End PBXContainerItemProxy section */

/* Begin PBXFileReference section */
		1800506A136818D000DB332E /* Brain.h */ = {isa = PBXFileReference; fileEncoding = 4; lastKnownFileType = sourcecode.c.h; path = Brain.h; sourceTree = "<group>"; };
		1800506B136818D000DB332E /* Brain.m */ = {isa = PBXFileReference; fileEncoding = 4; lastKnownFileType = sourcecode.c.objc; path = Brain.m; sourceTree = "<group>"; };
		180050701368254700DB332E /* NSMutableArray+QueueAdditions.h */ = {isa = PBXFileReference; fileEncoding = 4; lastKnownFileType = sourcecode.c.h; path = "NSMutableArray+QueueAdditions.h"; sourceTree = "<group>"; };
		180050711368254700DB332E /* NSMutableArray+QueueAdditions.m */ = {isa = PBXFileReference; fileEncoding = 4; lastKnownFileType = sourcecode.c.objc; path = "NSMutableArray+QueueAdditions.m"; sourceTree = "<group>"; };
		180051121368816F00DB332E /* GDataXMLNode.h */ = {isa = PBXFileReference; fileEncoding = 4; lastKnownFileType = sourcecode.c.h; path = GDataXMLNode.h; sourceTree = "<group>"; };
		180051131368816F00DB332E /* GDataXMLNode.m */ = {isa = PBXFileReference; fileEncoding = 4; lastKnownFileType = sourcecode.c.objc; path = GDataXMLNode.m; sourceTree = "<group>"; };
		180A63C3137D7D3500389290 /* Emotion.h */ = {isa = PBXFileReference; fileEncoding = 4; lastKnownFileType = sourcecode.c.h; path = Emotion.h; sourceTree = "<group>"; };
		180A63C4137D7D3500389290 /* Emotion.m */ = {isa = PBXFileReference; fileEncoding = 4; lastKnownFileType = sourcecode.c.objc; path = Emotion.m; sourceTree = "<group>"; };
		18888C061366CEC400F96F2B /* Perception.h */ = {isa = PBXFileReference; fileEncoding = 4; lastKnownFileType = sourcecode.c.h; path = Perception.h; sourceTree = "<group>"; };
		18888C071366CEC400F96F2B /* Perception.m */ = {isa = PBXFileReference; fileEncoding = 4; lastKnownFileType = sourcecode.c.objc; path = Perception.m; sourceTree = "<group>"; };
		18888C0B1366D80900F96F2B /* MemoryEvent.h */ = {isa = PBXFileReference; fileEncoding = 4; lastKnownFileType = sourcecode.c.h; path = MemoryEvent.h; sourceTree = "<group>"; };
		18888C0C1366D80A00F96F2B /* MemoryEvent.m */ = {isa = PBXFileReference; fileEncoding = 4; lastKnownFileType = sourcecode.c.objc; path = MemoryEvent.m; sourceTree = "<group>"; };
		18888C151366FF6C00F96F2B /* CnotiMind.h */ = {isa = PBXFileReference; fileEncoding = 4; lastKnownFileType = sourcecode.c.h; path = CnotiMind.h; sourceTree = "<group>"; };
		18888C161366FF6C00F96F2B /* CnotiMind.m */ = {isa = PBXFileReference; fileEncoding = 4; lastKnownFileType = sourcecode.c.objc; path = CnotiMind.m; sourceTree = "<group>"; };
		18888C1A136703A200F96F2B /* ObjectToXML.h */ = {isa = PBXFileReference; fileEncoding = 4; lastKnownFileType = sourcecode.c.h; path = ObjectToXML.h; sourceTree = "<group>"; };
		1890E67E140F8EFB0039AAD9 /* ActionNode.h */ = {isa = PBXFileReference; fileEncoding = 4; lastKnownFileType = sourcecode.c.h; path = ActionNode.h; sourceTree = "<group>"; };
		1890E67F140F8EFB0039AAD9 /* ActionNode.m */ = {isa = PBXFileReference; fileEncoding = 4; lastKnownFileType = sourcecode.c.objc; path = ActionNode.m; sourceTree = "<group>"; };
		1890E680140F8EFB0039AAD9 /* ClearMemoryNode.h */ = {isa = PBXFileReference; fileEncoding = 4; lastKnownFileType = sourcecode.c.h; path = ClearMemoryNode.h; sourceTree = "<group>"; };
		1890E681140F8EFB0039AAD9 /* ClearMemoryNode.m */ = {isa = PBXFileReference; fileEncoding = 4; lastKnownFileType = sourcecode.c.objc; path = ClearMemoryNode.m; sourceTree = "<group>"; };
		1890E682140F8EFB0039AAD9 /* ConditionDataMiningNode.h */ = {isa = PBXFileReference; fileEncoding = 4; lastKnownFileType = sourcecode.c.h; path = ConditionDataMiningNode.h; sourceTree = "<group>"; };
		1890E683140F8EFB0039AAD9 /* ConditionDataMiningNode.m */ = {isa = PBXFileReference; fileEncoding = 4; lastKnownFileType = sourcecode.c.objc; path = ConditionDataMiningNode.m; sourceTree = "<group>"; };
		1890E684140F8EFB0039AAD9 /* ConditionEmotionNode.h */ = {isa = PBXFileReference; fileEncoding = 4; lastKnownFileType = sourcecode.c.h; path = ConditionEmotionNode.h; sourceTree = "<group>"; };
		1890E685140F8EFB0039AAD9 /* ConditionEmotionNode.m */ = {isa = PBXFileReference; fileEncoding = 4; lastKnownFileType = sourcecode.c.objc; path = ConditionEmotionNode.m; sourceTree = "<group>"; };
		1890E686140F8EFB0039AAD9 /* ConditionNode.h */ = {isa = PBXFileReference; fileEncoding = 4; lastKnownFileType = sourcecode.c.h; path = ConditionNode.h; sourceTree = "<group>"; };
		1890E687140F8EFB0039AAD9 /* ConditionNode.m */ = {isa = PBXFileReference; fileEncoding = 4; lastKnownFileType = sourcecode.c.objc; path = ConditionNode.m; sourceTree = "<group>"; };
		1890E688140F8EFB0039AAD9 /* ConditionPerceptionNode.h */ = {isa = PBXFileReference; fileEncoding = 4; lastKnownFileType = sourcecode.c.h; path = ConditionPerceptionNode.h; sourceTree = "<group>"; };
		1890E689140F8EFB0039AAD9 /* ConditionPerceptionNode.m */ = {isa = PBXFileReference; fileEncoding = 4; lastKnownFileType = sourcecode.c.objc; path = ConditionPerceptionNode.m; sourceTree = "<group>"; };
		1890E68A140F8EFB0039AAD9 /* ConditionPropertyNode.h */ = {isa = PBXFileReference; fileEncoding = 4; lastKnownFileType = sourcecode.c.h; path = ConditionPropertyNode.h; sourceTree = "<group>"; };
		1890E68B140F8EFB0039AAD9 /* ConditionPropertyNode.m */ = {isa = PBXFileReference; fileEncoding = 4; lastKnownFileType = sourcecode.c.objc; path = ConditionPropertyNode.m; sourceTree = "<group>"; };
		1890E68C140F8EFB0039AAD9 /* ConditionVariableNode.h */ = {isa = PBXFileReference; fileEncoding = 4; lastKnownFileType = sourcecode.c.h; path = ConditionVariableNode.h; sourceTree = "<group>"; };
		1890E68D140F8EFB0039AAD9 /* ConditionVariableNode.m */ = {isa = PBXFileReference; fileEncoding = 4; lastKnownFileType = sourcecode.c.objc; path = ConditionVariableNode.m; sourceTree = "<group>"; };
		1890E68E140F8EFB0039AAD9 /* DataMiningNode.h */ = {isa = PBXFileReference; fileEncoding = 4; lastKnownFileType = sourcecode.c.h; path = DataMiningNode.h; sourceTree = "<group>"; };
		1890E68F140F8EFB0039AAD9 /* DataMiningNode.m */ = {isa = PBXFileReference; fileEncoding = 4; lastKnownFileType = sourcecode.c.objc; path = DataMiningNode.m; sourceTree = "<group>"; };
		1890E690140F8EFB0039AAD9 /* DeleteNode.h */ = {isa = PBXFileReference; fileEncoding = 4; lastKnownFileType = sourcecode.c.h; path = DeleteNode.h; sourceTree = "<group>"; };
		1890E691140F8EFB0039AAD9 /* DeleteNode.m */ = {isa = PBXFileReference; fileEncoding = 4; lastKnownFileType = sourcecode.c.objc; path = DeleteNode.m; sourceTree = "<group>"; };
		1890E692140F8EFB0039AAD9 /* EmotionNode.h */ = {isa = PBXFileReference; fileEncoding = 4; lastKnownFileType = sourcecode.c.h; path = EmotionNode.h; sourceTree = "<group>"; };
		1890E693140F8EFB0039AAD9 /* EmotionNode.m */ = {isa = PBXFileReference; fileEncoding = 4; lastKnownFileType = sourcecode.c.objc; path = EmotionNode.m; sourceTree = "<group>"; };
		1890E694140F8EFB0039AAD9 /* MathOperationNode.h */ = {isa = PBXFileReference; fileEncoding = 4; lastKnownFileType = sourcecode.c.h; path = MathOperationNode.h; sourceTree = "<group>"; };
		1890E695140F8EFB0039AAD9 /* MathOperationNode.m */ = {isa = PBXFileReference; fileEncoding = 4; lastKnownFileType = sourcecode.c.objc; path = MathOperationNode.m; sourceTree = "<group>"; };
		1890E696140F8EFB0039AAD9 /* PropertyNode.h */ = {isa = PBXFileReference; fileEncoding = 4; lastKnownFileType = sourcecode.c.h; path = PropertyNode.h; sourceTree = "<group>"; };
		1890E697140F8EFB0039AAD9 /* PropertyNode.m */ = {isa = PBXFileReference; fileEncoding = 4; lastKnownFileType = sourcecode.c.objc; path = PropertyNode.m; sourceTree = "<group>"; };
		1890E698140F8EFB0039AAD9 /* RootNode.h */ = {isa = PBXFileReference; fileEncoding = 4; lastKnownFileType = sourcecode.c.h; path = RootNode.h; sourceTree = "<group>"; };
		1890E699140F8EFB0039AAD9 /* RootNode.m */ = {isa = PBXFileReference; fileEncoding = 4; lastKnownFileType = sourcecode.c.objc; path = RootNode.m; sourceTree = "<group>"; };
		1890E69A140F8EFB0039AAD9 /* RuleNode.h */ = {isa = PBXFileReference; fileEncoding = 4; lastKnownFileType = sourcecode.c.h; path = RuleNode.h; sourceTree = "<group>"; };
		1890E69B140F8EFB0039AAD9 /* RuleNode.m */ = {isa = PBXFileReference; fileEncoding = 4; lastKnownFileType = sourcecode.c.objc; path = RuleNode.m; sourceTree = "<group>"; };
		1890E69C140F8EFB0039AAD9 /* RulesXmlHandler.h */ = {isa = PBXFileReference; fileEncoding = 4; lastKnownFileType = sourcecode.c.h; path = RulesXmlHandler.h; sourceTree = "<group>"; };
		1890E69D140F8EFB0039AAD9 /* RulesXmlHandler.m */ = {isa = PBXFileReference; fileEncoding = 4; lastKnownFileType = sourcecode.c.objc; path = RulesXmlHandler.m; sourceTree = "<group>"; };
		1890E69E140F8EFB0039AAD9 /* StorageNode.h */ = {isa = PBXFileReference; fileEncoding = 4; lastKnownFileType = sourcecode.c.h; path = StorageNode.h; sourceTree = "<group>"; };
		1890E69F140F8EFB0039AAD9 /* StorageNode.m */ = {isa = PBXFileReference; fileEncoding = 4; lastKnownFileType = sourcecode.c.objc; path = StorageNode.m; sourceTree = "<group>"; };
		1890E6C2140F8F050039AAD9 /* Macros.h */ = {isa = PBXFileReference; fileEncoding = 4; lastKnownFileType = sourcecode.c.h; path = Macros.h; sourceTree = "<group>"; };
		1890E6C6140F8F1F0039AAD9 /* GDataXMLNode.h */ = {isa = PBXFileReference; fileEncoding = 4; lastKnownFileType = sourcecode.c.h; path = GDataXMLNode.h; sourceTree = "<group>"; };
		1890E6C7140F8F1F0039AAD9 /* GDataXMLNode.m */ = {isa = PBXFileReference; fileEncoding = 4; lastKnownFileType = sourcecode.c.objc; path = GDataXMLNode.m; sourceTree = "<group>"; };
		18F98A6D13603671006AE7F4 /* libCnotiMind.a */ = {isa = PBXFileReference; explicitFileType = archive.ar; includeInIndex = 0; path = libCnotiMind.a; sourceTree = BUILT_PRODUCTS_DIR; };
		18F98A7013603671006AE7F4 /* Foundation.framework */ = {isa = PBXFileReference; lastKnownFileType = wrapper.framework; name = Foundation.framework; path = System/Library/Frameworks/Foundation.framework; sourceTree = SDKROOT; };
		18F98A7413603671006AE7F4 /* CnotiMind-Prefix.pch */ = {isa = PBXFileReference; lastKnownFileType = sourcecode.c.h; path = "CnotiMind-Prefix.pch"; sourceTree = "<group>"; };
		18F98A7A13603671006AE7F4 /* CnotiMindTests.octest */ = {isa = PBXFileReference; explicitFileType = wrapper.cfbundle; includeInIndex = 0; path = CnotiMindTests.octest; sourceTree = BUILT_PRODUCTS_DIR; };
		18F98A7B13603671006AE7F4 /* UIKit.framework */ = {isa = PBXFileReference; lastKnownFileType = wrapper.framework; name = UIKit.framework; path = System/Library/Frameworks/UIKit.framework; sourceTree = SDKROOT; };
		18F98A7E13603671006AE7F4 /* CoreGraphics.framework */ = {isa = PBXFileReference; lastKnownFileType = wrapper.framework; name = CoreGraphics.framework; path = System/Library/Frameworks/CoreGraphics.framework; sourceTree = SDKROOT; };
		18F98A8513603671006AE7F4 /* CnotiMindTests-Info.plist */ = {isa = PBXFileReference; lastKnownFileType = text.plist.xml; path = "CnotiMindTests-Info.plist"; sourceTree = "<group>"; };
		18F98A8713603671006AE7F4 /* en */ = {isa = PBXFileReference; lastKnownFileType = text.plist.strings; name = en; path = en.lproj/InfoPlist.strings; sourceTree = "<group>"; };
		18F98A8913603671006AE7F4 /* CnotiMindTests-Prefix.pch */ = {isa = PBXFileReference; lastKnownFileType = sourcecode.c.h; path = "CnotiMindTests-Prefix.pch"; sourceTree = "<group>"; };
		18F98A8A13603671006AE7F4 /* CnotiMindTests.h */ = {isa = PBXFileReference; lastKnownFileType = sourcecode.c.h; path = CnotiMindTests.h; sourceTree = "<group>"; };
		18F98A8C13603671006AE7F4 /* CnotiMindTests.m */ = {isa = PBXFileReference; lastKnownFileType = sourcecode.c.objc; path = CnotiMindTests.m; sourceTree = "<group>"; };
		18F98A961360411B006AE7F4 /* MindNode.h */ = {isa = PBXFileReference; fileEncoding = 4; lastKnownFileType = sourcecode.c.h; path = MindNode.h; sourceTree = "<group>"; };
		18F98A971360411B006AE7F4 /* MindNode.m */ = {isa = PBXFileReference; fileEncoding = 4; lastKnownFileType = sourcecode.c.objc; path = MindNode.m; sourceTree = "<group>"; };
		18F98A9A1360476E006AE7F4 /* Action.h */ = {isa = PBXFileReference; fileEncoding = 4; lastKnownFileType = sourcecode.c.h; path = Action.h; sourceTree = "<group>"; };
		18F98A9B1360476E006AE7F4 /* Action.m */ = {isa = PBXFileReference; fileEncoding = 4; lastKnownFileType = sourcecode.c.objc; path = Action.m; sourceTree = "<group>"; };
/* End PBXFileReference section */

/* Begin PBXFrameworksBuildPhase section */
		18F98A6A13603671006AE7F4 /* Frameworks */ = {
			isa = PBXFrameworksBuildPhase;
			buildActionMask = 2147483647;
			files = (
				18F98A7113603671006AE7F4 /* Foundation.framework in Frameworks */,
			);
			runOnlyForDeploymentPostprocessing = 0;
		};
		18F98A7613603671006AE7F4 /* Frameworks */ = {
			isa = PBXFrameworksBuildPhase;
			buildActionMask = 2147483647;
			files = (
				18F98A7C13603671006AE7F4 /* UIKit.framework in Frameworks */,
				18F98A7D13603671006AE7F4 /* Foundation.framework in Frameworks */,
				18F98A7F13603671006AE7F4 /* CoreGraphics.framework in Frameworks */,
				18F98A8213603671006AE7F4 /* libCnotiMind.a in Frameworks */,
			);
			runOnlyForDeploymentPostprocessing = 0;
		};
/* End PBXFrameworksBuildPhase section */

/* Begin PBXGroup section */
		1800506F1368252A00DB332E /* Auxiliary */ = {
			isa = PBXGroup;
			children = (
				180051111368816F00DB332E /* GDataXML */,
				180050701368254700DB332E /* NSMutableArray+QueueAdditions.h */,
				180050711368254700DB332E /* NSMutableArray+QueueAdditions.m */,
			);
			name = Auxiliary;
			sourceTree = "<group>";
		};
		180051111368816F00DB332E /* GDataXML */ = {
			isa = PBXGroup;
			children = (
				180051121368816F00DB332E /* GDataXMLNode.h */,
				180051131368816F00DB332E /* GDataXMLNode.m */,
			);
			path = GDataXML;
			sourceTree = "<group>";
		};
		1890E67D140F8EFB0039AAD9 /* rules */ = {
			isa = PBXGroup;
			children = (
				1890E67E140F8EFB0039AAD9 /* ActionNode.h */,
				1890E67F140F8EFB0039AAD9 /* ActionNode.m */,
				1890E680140F8EFB0039AAD9 /* ClearMemoryNode.h */,
				1890E681140F8EFB0039AAD9 /* ClearMemoryNode.m */,
				1890E682140F8EFB0039AAD9 /* ConditionDataMiningNode.h */,
				1890E683140F8EFB0039AAD9 /* ConditionDataMiningNode.m */,
				1890E684140F8EFB0039AAD9 /* ConditionEmotionNode.h */,
				1890E685140F8EFB0039AAD9 /* ConditionEmotionNode.m */,
				1890E686140F8EFB0039AAD9 /* ConditionNode.h */,
				1890E687140F8EFB0039AAD9 /* ConditionNode.m */,
				1890E688140F8EFB0039AAD9 /* ConditionPerceptionNode.h */,
				1890E689140F8EFB0039AAD9 /* ConditionPerceptionNode.m */,
				1890E68A140F8EFB0039AAD9 /* ConditionPropertyNode.h */,
				1890E68B140F8EFB0039AAD9 /* ConditionPropertyNode.m */,
				1890E68C140F8EFB0039AAD9 /* ConditionVariableNode.h */,
				1890E68D140F8EFB0039AAD9 /* ConditionVariableNode.m */,
				1890E68E140F8EFB0039AAD9 /* DataMiningNode.h */,
				1890E68F140F8EFB0039AAD9 /* DataMiningNode.m */,
				1890E690140F8EFB0039AAD9 /* DeleteNode.h */,
				1890E691140F8EFB0039AAD9 /* DeleteNode.m */,
				1890E692140F8EFB0039AAD9 /* EmotionNode.h */,
				1890E693140F8EFB0039AAD9 /* EmotionNode.m */,
				1890E694140F8EFB0039AAD9 /* MathOperationNode.h */,
				1890E695140F8EFB0039AAD9 /* MathOperationNode.m */,
				1890E696140F8EFB0039AAD9 /* PropertyNode.h */,
				1890E697140F8EFB0039AAD9 /* PropertyNode.m */,
				1890E698140F8EFB0039AAD9 /* RootNode.h */,
				1890E699140F8EFB0039AAD9 /* RootNode.m */,
				1890E69A140F8EFB0039AAD9 /* RuleNode.h */,
				1890E69B140F8EFB0039AAD9 /* RuleNode.m */,
				1890E69C140F8EFB0039AAD9 /* RulesXmlHandler.h */,
				1890E69D140F8EFB0039AAD9 /* RulesXmlHandler.m */,
				1890E69E140F8EFB0039AAD9 /* StorageNode.h */,
				1890E69F140F8EFB0039AAD9 /* StorageNode.m */,
			);
			path = rules;
			sourceTree = "<group>";
		};
		1890E6C4140F8F1F0039AAD9 /* 3rdParty */ = {
			isa = PBXGroup;
			children = (
				1890E6C5140F8F1F0039AAD9 /* GDataXML */,
			);
			path = 3rdParty;
			sourceTree = "<group>";
		};
		1890E6C5140F8F1F0039AAD9 /* GDataXML */ = {
			isa = PBXGroup;
			children = (
				1890E6C6140F8F1F0039AAD9 /* GDataXMLNode.h */,
				1890E6C7140F8F1F0039AAD9 /* GDataXMLNode.m */,
			);
			path = GDataXML;
			sourceTree = "<group>";
		};
		18F98A6213603671006AE7F4 = {
			isa = PBXGroup;
			children = (
				18F98A7213603671006AE7F4 /* CnotiMind */,
				18F98A8313603671006AE7F4 /* CnotiMindTests */,
				18F98A6F13603671006AE7F4 /* Frameworks */,
				18F98A6E13603671006AE7F4 /* Products */,
			);
			sourceTree = "<group>";
		};
		18F98A6E13603671006AE7F4 /* Products */ = {
			isa = PBXGroup;
			children = (
				18F98A6D13603671006AE7F4 /* libCnotiMind.a */,
				18F98A7A13603671006AE7F4 /* CnotiMindTests.octest */,
			);
			name = Products;
			sourceTree = "<group>";
		};
		18F98A6F13603671006AE7F4 /* Frameworks */ = {
			isa = PBXGroup;
			children = (
				18F98A7013603671006AE7F4 /* Foundation.framework */,
				18F98A7B13603671006AE7F4 /* UIKit.framework */,
				18F98A7E13603671006AE7F4 /* CoreGraphics.framework */,
			);
			name = Frameworks;
			sourceTree = "<group>";
		};
		18F98A7213603671006AE7F4 /* CnotiMind */ = {
			isa = PBXGroup;
			children = (
				1890E6C2140F8F050039AAD9 /* Macros.h */,
				1890E6C4140F8F1F0039AAD9 /* 3rdParty */,
				1890E67D140F8EFB0039AAD9 /* rules */,
				1800506F1368252A00DB332E /* Auxiliary */,
				18F98A7313603671006AE7F4 /* Supporting Files */,
				18F98A961360411B006AE7F4 /* MindNode.h */,
				18F98A971360411B006AE7F4 /* MindNode.m */,
				18F98A9A1360476E006AE7F4 /* Action.h */,
				18F98A9B1360476E006AE7F4 /* Action.m */,
				18888C061366CEC400F96F2B /* Perception.h */,
				18888C071366CEC400F96F2B /* Perception.m */,
				18888C0B1366D80900F96F2B /* MemoryEvent.h */,
				18888C0C1366D80A00F96F2B /* MemoryEvent.m */,
				18888C151366FF6C00F96F2B /* CnotiMind.h */,
				18888C161366FF6C00F96F2B /* CnotiMind.m */,
				18888C1A136703A200F96F2B /* ObjectToXML.h */,
				1800506A136818D000DB332E /* Brain.h */,
				1800506B136818D000DB332E /* Brain.m */,
				180A63C3137D7D3500389290 /* Emotion.h */,
				180A63C4137D7D3500389290 /* Emotion.m */,
			);
			path = CnotiMind;
			sourceTree = "<group>";
		};
		18F98A7313603671006AE7F4 /* Supporting Files */ = {
			isa = PBXGroup;
			children = (
				18F98A7413603671006AE7F4 /* CnotiMind-Prefix.pch */,
			);
			name = "Supporting Files";
			sourceTree = "<group>";
		};
		18F98A8313603671006AE7F4 /* CnotiMindTests */ = {
			isa = PBXGroup;
			children = (
				18F98A8A13603671006AE7F4 /* CnotiMindTests.h */,
				18F98A8C13603671006AE7F4 /* CnotiMindTests.m */,
				18F98A8413603671006AE7F4 /* Supporting Files */,
			);
			path = CnotiMindTests;
			sourceTree = "<group>";
		};
		18F98A8413603671006AE7F4 /* Supporting Files */ = {
			isa = PBXGroup;
			children = (
				18F98A8513603671006AE7F4 /* CnotiMindTests-Info.plist */,
				18F98A8613603671006AE7F4 /* InfoPlist.strings */,
				18F98A8913603671006AE7F4 /* CnotiMindTests-Prefix.pch */,
			);
			name = "Supporting Files";
			sourceTree = "<group>";
		};
/* End PBXGroup section */

/* Begin PBXHeadersBuildPhase section */
		18F98A6B13603671006AE7F4 /* Headers */ = {
			isa = PBXHeadersBuildPhase;
			buildActionMask = 2147483647;
			files = (
				18F98A981360411B006AE7F4 /* MindNode.h in Headers */,
				18F98A9C1360476E006AE7F4 /* Action.h in Headers */,
				18888C081366CEC400F96F2B /* Perception.h in Headers */,
				18888C0D1366D80A00F96F2B /* MemoryEvent.h in Headers */,
				18888C171366FF6C00F96F2B /* CnotiMind.h in Headers */,
				18888C1C136703A200F96F2B /* ObjectToXML.h in Headers */,
				1800506C136818D000DB332E /* Brain.h in Headers */,
				180050721368254700DB332E /* NSMutableArray+QueueAdditions.h in Headers */,
				180051141368816F00DB332E /* GDataXMLNode.h in Headers */,
				180A63C5137D7D3500389290 /* Emotion.h in Headers */,
				1890E6A0140F8EFB0039AAD9 /* ActionNode.h in Headers */,
				1890E6A2140F8EFB0039AAD9 /* ClearMemoryNode.h in Headers */,
				1890E6A4140F8EFB0039AAD9 /* ConditionDataMiningNode.h in Headers */,
				1890E6A6140F8EFB0039AAD9 /* ConditionEmotionNode.h in Headers */,
				1890E6A8140F8EFB0039AAD9 /* ConditionNode.h in Headers */,
				1890E6AA140F8EFB0039AAD9 /* ConditionPerceptionNode.h in Headers */,
				1890E6AC140F8EFB0039AAD9 /* ConditionPropertyNode.h in Headers */,
				1890E6AE140F8EFB0039AAD9 /* ConditionVariableNode.h in Headers */,
				1890E6B0140F8EFB0039AAD9 /* DataMiningNode.h in Headers */,
				1890E6B2140F8EFB0039AAD9 /* DeleteNode.h in Headers */,
				1890E6B4140F8EFB0039AAD9 /* EmotionNode.h in Headers */,
				1890E6B6140F8EFB0039AAD9 /* MathOperationNode.h in Headers */,
				1890E6B8140F8EFB0039AAD9 /* PropertyNode.h in Headers */,
				1890E6BA140F8EFB0039AAD9 /* RootNode.h in Headers */,
				1890E6BC140F8EFB0039AAD9 /* RuleNode.h in Headers */,
				1890E6BE140F8EFB0039AAD9 /* RulesXmlHandler.h in Headers */,
				1890E6C0140F8EFB0039AAD9 /* StorageNode.h in Headers */,
				1890E6C3140F8F050039AAD9 /* Macros.h in Headers */,
				1890E6C8140F8F1F0039AAD9 /* GDataXMLNode.h in Headers */,
			);
			runOnlyForDeploymentPostprocessing = 0;
		};
/* End PBXHeadersBuildPhase section */

/* Begin PBXNativeTarget section */
		18F98A6C13603671006AE7F4 /* CnotiMind */ = {
			isa = PBXNativeTarget;
			buildConfigurationList = 18F98A9013603671006AE7F4 /* Build configuration list for PBXNativeTarget "CnotiMind" */;
			buildPhases = (
				18F98A6913603671006AE7F4 /* Sources */,
				18F98A6A13603671006AE7F4 /* Frameworks */,
				18F98A6B13603671006AE7F4 /* Headers */,
			);
			buildRules = (
			);
			dependencies = (
			);
			name = CnotiMind;
			productName = CnotiMind;
			productReference = 18F98A6D13603671006AE7F4 /* libCnotiMind.a */;
			productType = "com.apple.product-type.library.static";
		};
		18F98A7913603671006AE7F4 /* CnotiMindTests */ = {
			isa = PBXNativeTarget;
			buildConfigurationList = 18F98A9313603671006AE7F4 /* Build configuration list for PBXNativeTarget "CnotiMindTests" */;
			buildPhases = (
				18F98A7513603671006AE7F4 /* Sources */,
				18F98A7613603671006AE7F4 /* Frameworks */,
				18F98A7713603671006AE7F4 /* Resources */,
				18F98A7813603671006AE7F4 /* ShellScript */,
			);
			buildRules = (
			);
			dependencies = (
				18F98A8113603671006AE7F4 /* PBXTargetDependency */,
			);
			name = CnotiMindTests;
			productName = CnotiMindTests;
			productReference = 18F98A7A13603671006AE7F4 /* CnotiMindTests.octest */;
			productType = "com.apple.product-type.bundle";
		};
/* End PBXNativeTarget section */

/* Begin PBXProject section */
		18F98A6413603671006AE7F4 /* Project object */ = {
			isa = PBXProject;
			attributes = {
				ORGANIZATIONNAME = "Universidade de Coimbra";
			};
			buildConfigurationList = 18F98A6713603671006AE7F4 /* Build configuration list for PBXProject "CnotiMind" */;
			compatibilityVersion = "Xcode 3.2";
			developmentRegion = English;
			hasScannedForEncodings = 0;
			knownRegions = (
				en,
			);
			mainGroup = 18F98A6213603671006AE7F4;
			productRefGroup = 18F98A6E13603671006AE7F4 /* Products */;
			projectDirPath = "";
			projectRoot = "";
			targets = (
				18F98A6C13603671006AE7F4 /* CnotiMind */,
				18F98A7913603671006AE7F4 /* CnotiMindTests */,
			);
		};
/* End PBXProject section */

/* Begin PBXResourcesBuildPhase section */
		18F98A7713603671006AE7F4 /* Resources */ = {
			isa = PBXResourcesBuildPhase;
			buildActionMask = 2147483647;
			files = (
				18F98A8813603671006AE7F4 /* InfoPlist.strings in Resources */,
				18F98A8B13603671006AE7F4 /* CnotiMindTests.h in Resources */,
			);
			runOnlyForDeploymentPostprocessing = 0;
		};
/* End PBXResourcesBuildPhase section */

/* Begin PBXShellScriptBuildPhase section */
		18F98A7813603671006AE7F4 /* ShellScript */ = {
			isa = PBXShellScriptBuildPhase;
			buildActionMask = 2147483647;
			files = (
			);
			inputPaths = (
			);
			outputPaths = (
			);
			runOnlyForDeploymentPostprocessing = 0;
			shellPath = /bin/sh;
			shellScript = "# Run the unit tests in this test bundle.\n\"${SYSTEM_DEVELOPER_DIR}/Tools/RunUnitTests\"\n";
		};
/* End PBXShellScriptBuildPhase section */

/* Begin PBXSourcesBuildPhase section */
		18F98A6913603671006AE7F4 /* Sources */ = {
			isa = PBXSourcesBuildPhase;
			buildActionMask = 2147483647;
			files = (
				18F98A991360411B006AE7F4 /* MindNode.m in Sources */,
				18F98A9D1360476E006AE7F4 /* Action.m in Sources */,
				18888C091366CEC400F96F2B /* Perception.m in Sources */,
				18888C0E1366D80A00F96F2B /* MemoryEvent.m in Sources */,
				18888C181366FF6C00F96F2B /* CnotiMind.m in Sources */,
				1800506D136818D000DB332E /* Brain.m in Sources */,
				180050731368254700DB332E /* NSMutableArray+QueueAdditions.m in Sources */,
				180051151368816F00DB332E /* GDataXMLNode.m in Sources */,
				180A63C6137D7D3500389290 /* Emotion.m in Sources */,
				1890E6A1140F8EFB0039AAD9 /* ActionNode.m in Sources */,
				1890E6A3140F8EFB0039AAD9 /* ClearMemoryNode.m in Sources */,
				1890E6A5140F8EFB0039AAD9 /* ConditionDataMiningNode.m in Sources */,
				1890E6A7140F8EFB0039AAD9 /* ConditionEmotionNode.m in Sources */,
				1890E6A9140F8EFB0039AAD9 /* ConditionNode.m in Sources */,
				1890E6AB140F8EFB0039AAD9 /* ConditionPerceptionNode.m in Sources */,
				1890E6AD140F8EFB0039AAD9 /* ConditionPropertyNode.m in Sources */,
				1890E6AF140F8EFB0039AAD9 /* ConditionVariableNode.m in Sources */,
				1890E6B1140F8EFB0039AAD9 /* DataMiningNode.m in Sources */,
				1890E6B3140F8EFB0039AAD9 /* DeleteNode.m in Sources */,
				1890E6B5140F8EFB0039AAD9 /* EmotionNode.m in Sources */,
				1890E6B7140F8EFB0039AAD9 /* MathOperationNode.m in Sources */,
				1890E6B9140F8EFB0039AAD9 /* PropertyNode.m in Sources */,
				1890E6BB140F8EFB0039AAD9 /* RootNode.m in Sources */,
				1890E6BD140F8EFB0039AAD9 /* RuleNode.m in Sources */,
				1890E6BF140F8EFB0039AAD9 /* RulesXmlHandler.m in Sources */,
				1890E6C1140F8EFB0039AAD9 /* StorageNode.m in Sources */,
				1890E6C9140F8F1F0039AAD9 /* GDataXMLNode.m in Sources */,
			);
			runOnlyForDeploymentPostprocessing = 0;
		};
		18F98A7513603671006AE7F4 /* Sources */ = {
			isa = PBXSourcesBuildPhase;
			buildActionMask = 2147483647;
			files = (
				18F98A8D13603671006AE7F4 /* CnotiMindTests.m in Sources */,
			);
			runOnlyForDeploymentPostprocessing = 0;
		};
/* End PBXSourcesBuildPhase section */

/* Begin PBXTargetDependency section */
		18F98A8113603671006AE7F4 /* PBXTargetDependency */ = {
			isa = PBXTargetDependency;
			target = 18F98A6C13603671006AE7F4 /* CnotiMind */;
			targetProxy = 18F98A8013603671006AE7F4 /* PBXContainerItemProxy */;
		};
/* End PBXTargetDependency section */

/* Begin PBXVariantGroup section */
		18F98A8613603671006AE7F4 /* InfoPlist.strings */ = {
			isa = PBXVariantGroup;
			children = (
				18F98A8713603671006AE7F4 /* en */,
			);
			name = InfoPlist.strings;
			sourceTree = "<group>";
		};
/* End PBXVariantGroup section */

/* Begin XCBuildConfiguration section */
		18F98A8E13603671006AE7F4 /* Debug */ = {
			isa = XCBuildConfiguration;
			buildSettings = {
				ARCHS = "$(ARCHS_STANDARD_32_BIT)";
				GCC_C_LANGUAGE_STANDARD = gnu99;
				GCC_OPTIMIZATION_LEVEL = 0;
				GCC_PREPROCESSOR_DEFINITIONS = DEBUG;
				GCC_SYMBOLS_PRIVATE_EXTERN = NO;
				GCC_VERSION = com.apple.compilers.llvmgcc42;
				GCC_WARN_ABOUT_RETURN_TYPE = YES;
				GCC_WARN_UNUSED_VARIABLE = YES;
				IPHONEOS_DEPLOYMENT_TARGET = 4.3;
				OTHER_LDFLAGS = "-lxml2";
				SDKROOT = iphoneos;
			};
			name = Debug;
		};
		18F98A8F13603671006AE7F4 /* Release */ = {
			isa = XCBuildConfiguration;
			buildSettings = {
				ARCHS = "$(ARCHS_STANDARD_32_BIT)";
				GCC_C_LANGUAGE_STANDARD = gnu99;
				GCC_VERSION = com.apple.compilers.llvmgcc42;
				GCC_WARN_ABOUT_RETURN_TYPE = YES;
				GCC_WARN_UNUSED_VARIABLE = YES;
				IPHONEOS_DEPLOYMENT_TARGET = 4.3;
				OTHER_LDFLAGS = "-lxml2";
				SDKROOT = iphoneos;
			};
			name = Release;
		};
		18F98A9113603671006AE7F4 /* Debug */ = {
			isa = XCBuildConfiguration;
			buildSettings = {
				ALWAYS_SEARCH_USER_PATHS = YES;
				DSTROOT = /tmp/CnotiMind.dst;
				GCC_PRECOMPILE_PREFIX_HEADER = YES;
				GCC_PREFIX_HEADER = "CnotiMind/CnotiMind-Prefix.pch";
				HEADER_SEARCH_PATHS = "/usr/include/libxml2/**";
				OTHER_LDFLAGS = "-ObjC";
				PRODUCT_NAME = "$(TARGET_NAME)";
			};
			name = Debug;
		};
		18F98A9213603671006AE7F4 /* Release */ = {
			isa = XCBuildConfiguration;
			buildSettings = {
				ALWAYS_SEARCH_USER_PATHS = YES;
				DSTROOT = /tmp/CnotiMind.dst;
				GCC_PRECOMPILE_PREFIX_HEADER = YES;
				GCC_PREFIX_HEADER = "CnotiMind/CnotiMind-Prefix.pch";
				HEADER_SEARCH_PATHS = "/usr/include/libxml2/**";
				OTHER_LDFLAGS = "-ObjC";
				PRODUCT_NAME = "$(TARGET_NAME)";
			};
			name = Release;
		};
		18F98A9413603671006AE7F4 /* Debug */ = {
			isa = XCBuildConfiguration;
			buildSettings = {
				ALWAYS_SEARCH_USER_PATHS = NO;
				FRAMEWORK_SEARCH_PATHS = (
					"$(SDKROOT)/Developer/Library/Frameworks",
					"$(DEVELOPER_LIBRARY_DIR)/Frameworks",
				);
				GCC_PRECOMPILE_PREFIX_HEADER = YES;
				GCC_PREFIX_HEADER = "CnotiMindTests/CnotiMindTests-Prefix.pch";
				INFOPLIST_FILE = "CnotiMindTests/CnotiMindTests-Info.plist";
				OTHER_LDFLAGS = (
					"-framework",
					SenTestingKit,
				);
				PRODUCT_NAME = "$(TARGET_NAME)";
				WRAPPER_EXTENSION = octest;
			};
			name = Debug;
		};
		18F98A9513603671006AE7F4 /* Release */ = {
			isa = XCBuildConfiguration;
			buildSettings = {
				ALWAYS_SEARCH_USER_PATHS = NO;
				FRAMEWORK_SEARCH_PATHS = (
					"$(SDKROOT)/Developer/Library/Frameworks",
					"$(DEVELOPER_LIBRARY_DIR)/Frameworks",
				);
				GCC_PRECOMPILE_PREFIX_HEADER = YES;
				GCC_PREFIX_HEADER = "CnotiMindTests/CnotiMindTests-Prefix.pch";
				INFOPLIST_FILE = "CnotiMindTests/CnotiMindTests-Info.plist";
				OTHER_LDFLAGS = (
					"-framework",
					SenTestingKit,
				);
				PRODUCT_NAME = "$(TARGET_NAME)";
				WRAPPER_EXTENSION = octest;
			};
			name = Release;
		};
/* End XCBuildConfiguration section */

/* Begin XCConfigurationList section */
		18F98A6713603671006AE7F4 /* Build configuration list for PBXProject "CnotiMind" */ = {
			isa = XCConfigurationList;
			buildConfigurations = (
				18F98A8E13603671006AE7F4 /* Debug */,
				18F98A8F13603671006AE7F4 /* Release */,
			);
			defaultConfigurationIsVisible = 0;
			defaultConfigurationName = Release;
		};
		18F98A9013603671006AE7F4 /* Build configuration list for PBXNativeTarget "CnotiMind" */ = {
			isa = XCConfigurationList;
			buildConfigurations = (
				18F98A9113603671006AE7F4 /* Debug */,
				18F98A9213603671006AE7F4 /* Release */,
			);
			defaultConfigurationIsVisible = 0;
			defaultConfigurationName = Release;
		};
		18F98A9313603671006AE7F4 /* Build configuration list for PBXNativeTarget "CnotiMindTests" */ = {
			isa = XCConfigurationList;
			buildConfigurations = (
				18F98A9413603671006AE7F4 /* Debug */,
				18F98A9513603671006AE7F4 /* Release */,
			);
			defaultConfigurationIsVisible = 0;
			defaultConfigurationName = Release;
		};
/* End XCConfigurationList section */
	};
	rootObject = 18F98A6413603671006AE7F4 /* Project object */;
}
